
Microsoft Visual Studio Solution File, Format Version 12.00
# Visual Studio 15
VisualStudioVersion = 15.0.28307.1500
MinimumVisualStudioVersion = 10.0.40219.1
Project("{FAE04EC0-301F-11D3-BF4B-00C04F79EFBC}") = "ml_abp", "ml_abp\ml_abp.csproj", "{B433BA4B-2392-49F3-85C6-5FDF46ACF90B}"
EndProject
Project("{FAE04EC0-301F-11D3-BF4B-00C04F79EFBC}") = "ml_alg", "ml_alg\ml_alg.csproj", "{FFAE24D6-4939-4C91-8EB9-4DD1A607271A}"
EndProject
Project("{FAE04EC0-301F-11D3-BF4B-00C04F79EFBC}") = "ml_clv", "ml_clv\ml_clv.csproj", "{CFE55F06-D44C-4E95-B3BF-96128EC773DA}"
EndProject
Project("{FAE04EC0-301F-11D3-BF4B-00C04F79EFBC}") = "ml_ht", "ml_ht\ml_ht.csproj", "{53DB91AF-2076-4F4F-8560-BC62C64DCA52}"
EndProject
Project("{FAE04EC0-301F-11D3-BF4B-00C04F79EFBC}") = "ml_lme", "ml_lme\ml_lme.csproj", "{53F863B3-969A-433A-8B50-EB67D88C977A}"
EndProject
Project("{FAE04EC0-301F-11D3-BF4B-00C04F79EFBC}") = "ml_var", "ml_var\ml_var.csproj", "{21380A08-97D8-4FDD-AFCD-8CBC9E02F300}"
EndProject
Project("{FAE04EC0-301F-11D3-BF4B-00C04F79EFBC}") = "ml_htr", "ml_htr\ml_htr.csproj", "{71AEA8A2-652E-4371-A265-928289105A8A}"
EndProject
Project("{FAE04EC0-301F-11D3-BF4B-00C04F79EFBC}") = "ml_kte", "ml_kte\ml_kte.csproj", "{0024178E-D5F8-484B-8F8D-A650D66EBEEE}"
	ProjectSection(ProjectDependencies) = postProject
		{7281B1A6-E7D7-42D4-A2AC-FD0F871E7319} = {7281B1A6-E7D7-42D4-A2AC-FD0F871E7319}
	EndProjectSection
EndProject
Project("{8BC9CEB8-8B4A-11D0-8D11-00A0C91BC942}") = "ml_kte_cpp", "ml_kte_cpp\ml_kte_cpp.vcxproj", "{7281B1A6-E7D7-42D4-A2AC-FD0F871E7319}"
EndProject
Global
	GlobalSection(SolutionConfigurationPlatforms) = preSolution
		Debug|x64 = Debug|x64
		Release|x64 = Release|x64
	EndGlobalSection
	GlobalSection(ProjectConfigurationPlatforms) = postSolution
		{B433BA4B-2392-49F3-85C6-5FDF46ACF90B}.Debug|x64.ActiveCfg = Debug|x64
		{B433BA4B-2392-49F3-85C6-5FDF46ACF90B}.Debug|x64.Build.0 = Debug|x64
		{B433BA4B-2392-49F3-85C6-5FDF46ACF90B}.Release|x64.ActiveCfg = Release|x64
		{B433BA4B-2392-49F3-85C6-5FDF46ACF90B}.Release|x64.Build.0 = Release|x64
		{FFAE24D6-4939-4C91-8EB9-4DD1A607271A}.Debug|x64.ActiveCfg = Debug|x64
		{FFAE24D6-4939-4C91-8EB9-4DD1A607271A}.Debug|x64.Build.0 = Debug|x64
		{FFAE24D6-4939-4C91-8EB9-4DD1A607271A}.Release|x64.ActiveCfg = Release|x64
		{FFAE24D6-4939-4C91-8EB9-4DD1A607271A}.Release|x64.Build.0 = Release|x64
		{CFE55F06-D44C-4E95-B3BF-96128EC773DA}.Debug|x64.ActiveCfg = Debug|x64
		{CFE55F06-D44C-4E95-B3BF-96128EC773DA}.Debug|x64.Build.0 = Debug|x64
		{CFE55F06-D44C-4E95-B3BF-96128EC773DA}.Release|x64.ActiveCfg = Release|x64
		{CFE55F06-D44C-4E95-B3BF-96128EC773DA}.Release|x64.Build.0 = Release|x64
		{53DB91AF-2076-4F4F-8560-BC62C64DCA52}.Debug|x64.ActiveCfg = Debug|x64
		{53DB91AF-2076-4F4F-8560-BC62C64DCA52}.Debug|x64.Build.0 = Debug|x64
		{53DB91AF-2076-4F4F-8560-BC62C64DCA52}.Release|x64.ActiveCfg = Release|x64
		{53DB91AF-2076-4F4F-8560-BC62C64DCA52}.Release|x64.Build.0 = Release|x64
		{53F863B3-969A-433A-8B50-EB67D88C977A}.Debug|x64.ActiveCfg = Debug|x64
		{53F863B3-969A-433A-8B50-EB67D88C977A}.Debug|x64.Build.0 = Debug|x64
		{53F863B3-969A-433A-8B50-EB67D88C977A}.Release|x64.ActiveCfg = Release|x64
		{53F863B3-969A-433A-8B50-EB67D88C977A}.Release|x64.Build.0 = Release|x64
		{21380A08-97D8-4FDD-AFCD-8CBC9E02F300}.Debug|x64.ActiveCfg = Debug|x64
		{21380A08-97D8-4FDD-AFCD-8CBC9E02F300}.Debug|x64.Build.0 = Debug|x64
		{21380A08-97D8-4FDD-AFCD-8CBC9E02F300}.Release|x64.ActiveCfg = Release|x64
		{21380A08-97D8-4FDD-AFCD-8CBC9E02F300}.Release|x64.Build.0 = Release|x64
		{71AEA8A2-652E-4371-A265-928289105A8A}.Debug|x64.ActiveCfg = Debug|x64
		{71AEA8A2-652E-4371-A265-928289105A8A}.Debug|x64.Build.0 = Debug|x64
		{71AEA8A2-652E-4371-A265-928289105A8A}.Release|x64.ActiveCfg = Release|x64
		{71AEA8A2-652E-4371-A265-928289105A8A}.Release|x64.Build.0 = Release|x64
		{0024178E-D5F8-484B-8F8D-A650D66EBEEE}.Debug|x64.ActiveCfg = Debug|x64
		{0024178E-D5F8-484B-8F8D-A650D66EBEEE}.Debug|x64.Build.0 = Debug|x64
		{0024178E-D5F8-484B-8F8D-A650D66EBEEE}.Release|x64.ActiveCfg = Release|x64
		{0024178E-D5F8-484B-8F8D-A650D66EBEEE}.Release|x64.Build.0 = Release|x64
		{7281B1A6-E7D7-42D4-A2AC-FD0F871E7319}.Debug|x64.ActiveCfg = Debug|x64
		{7281B1A6-E7D7-42D4-A2AC-FD0F871E7319}.Debug|x64.Build.0 = Debug|x64
		{7281B1A6-E7D7-42D4-A2AC-FD0F871E7319}.Release|x64.ActiveCfg = Release|x64
		{7281B1A6-E7D7-42D4-A2AC-FD0F871E7319}.Release|x64.Build.0 = Release|x64
	EndGlobalSection
	GlobalSection(SolutionProperties) = preSolution
		HideSolutionNode = FALSE
	EndGlobalSection
	GlobalSection(ExtensibilityGlobals) = postSolution
		SolutionGuid = {E042149A-4F47-4201-8E53-E365D899D414}
	EndGlobalSection
EndGlobal
